{
  "projects": [
    {
      "projectId": "gmeH6XgPaBtkt51HunAo4g",
      "version": "18.17.0",
      "dependencies": {},
      "lang": "ts",
      "fileLocks": [
        {
          "assetId": "gmeH6XgPaBtkt51HunAo4g",
          "type": "projectCss",
          "checksum": "1c02168c6b23256606111fdfdbb63549"
        }
      ],
      "codegenVersion": "0.0.1"
    },
    {
      "projectId": "i9knz7EXdrcBWswQTuKKjX",
      "version": "latest",
      "dependencies": {
        "gmeH6XgPaBtkt51HunAo4g": "18.17.0"
      },
      "lang": "ts",
      "fileLocks": [
        {
          "type": "globalVariant",
          "assetId": "AJVfn3Ya69h5",
          "checksum": "06548f37dbbcafbd4d2418e559d78036"
        },
        {
          "type": "renderModule",
          "assetId": "t6bbWH5XZ4fm",
          "checksum": "1d4281bd5b0fe27d3fca74e7d6dc35cd"
        },
        {
          "type": "cssRules",
          "assetId": "t6bbWH5XZ4fm",
          "checksum": "1d4281bd5b0fe27d3fca74e7d6dc35cd"
        },
        {
          "type": "renderModule",
          "assetId": "7v6YGoE2Zo0o",
          "checksum": "748299ace044d43c0278f80ba7f7b57d"
        },
        {
          "type": "cssRules",
          "assetId": "7v6YGoE2Zo0o",
          "checksum": "748299ace044d43c0278f80ba7f7b57d"
        },
        {
          "type": "icon",
          "assetId": "m6be-c-hP_JG",
          "checksum": "957ef067d20b6e00aef6155e161fed21"
        },
        {
          "type": "icon",
          "assetId": "zIXVq3DAAel6",
          "checksum": "eb6037e622e19688c202d22149770f81"
        },
        {
          "type": "icon",
          "assetId": "H5Yxuv6_n5vq",
          "checksum": "36260c039b6b0f337d5330993c72d0d7"
        },
        {
          "type": "icon",
          "assetId": "k4ujBvekGioO",
          "checksum": "2280a1a07f8e4de07d52acee2d7c4521"
        },
        {
          "type": "image",
          "assetId": "9s3m2OrgrCbA",
          "checksum": "3cd0fc083746497880e4ad2be0f5e12c"
        },
        {
          "type": "image",
          "assetId": "8dT7ra4lfaZm",
          "checksum": "89279d76173d30142892714eb0d63ae7"
        },
        {
          "type": "image",
          "assetId": "dYOS4hEH_rh4",
          "checksum": "20b3f7639cdc0e77cb48d06eb9b69563"
        },
        {
          "type": "icon",
          "assetId": "QESqRHbH-Tr7",
          "checksum": "5a123bfbdcabf25a2af08b3e7bf457f1"
        },
        {
          "type": "image",
          "assetId": "OyvPsNb22kKu",
          "checksum": "5fa9f1298c6ef47b4ceb671a69d3275e"
        },
        {
          "type": "image",
          "assetId": "qks6epiykq4T",
          "checksum": "4309b74bc21cddfc08a38a9e3bff12d1"
        },
        {
          "type": "image",
          "assetId": "ZR-x_ITHWyPA",
          "checksum": "7d6f257be233a8ae83ebaaea4e7d10e9"
        },
        {
          "type": "image",
          "assetId": "m6C1FfnbOZY8",
          "checksum": "0b4ce1724aefc22acbddc5475d1bcbe2"
        },
        {
          "type": "image",
          "assetId": "v25pjZAHYU9C",
          "checksum": "9bce79d9f0ce8bac23ab10949c438f44"
        },
        {
          "type": "image",
          "assetId": "w_PbYMP1ENfZ",
          "checksum": "df246da081574f9bf451dcd0f4e1e982"
        },
        {
          "type": "image",
          "assetId": "v2xTdA9UhSR2",
          "checksum": "7735c71df71bace3f9f0cb3053671cc4"
        },
        {
          "assetId": "i9knz7EXdrcBWswQTuKKjX",
          "type": "projectCss",
          "checksum": "91c16ba10dec0d3ece1d0d4ee4351698"
        },
        {
          "type": "icon",
          "assetId": "OaJD_NBb6Nrq",
          "checksum": "dba81869f0fc954a07970c7f5cb58a89"
        },
        {
          "type": "image",
          "assetId": "u6_upDx-Q_eG",
          "checksum": "870ee1eca3e34c6b5e1eba42a61c9fb9"
        },
        {
          "type": "image",
          "assetId": "J7-LNyu1QaGM",
          "checksum": "b096d82bcc0f9c471988584cbd231096"
        },
        {
          "type": "image",
          "assetId": "jgk4F_JinAjP",
          "checksum": "5049fdc94b5d3d59f1bf7d91a62dbb90"
        },
        {
          "type": "image",
          "assetId": "NJFrkaVjmzrL",
          "checksum": "24676e23f8cc023645a91b347a48dbc7"
        }
      ],
      "codegenVersion": "0.0.1"
    }
  ],
  "cliVersion": "0.1.338"
}
