{
  "projects": [
    {
      "projectId": "gmeH6XgPaBtkt51HunAo4g",
      "version": "18.17.0",
      "dependencies": {},
      "lang": "ts",
      "fileLocks": [
        {
          "assetId": "gmeH6XgPaBtkt51HunAo4g",
          "type": "projectCss",
          "checksum": "1c02168c6b23256606111fdfdbb63549"
        }
      ],
      "codegenVersion": "0.0.1"
    },
    {
      "projectId": "i9knz7EXdrcBWswQTuKKjX",
      "version": "latest",
      "dependencies": {
        "gmeH6XgPaBtkt51HunAo4g": "18.17.0"
      },
      "lang": "ts",
      "fileLocks": [
        {
          "type": "globalVariant",
          "assetId": "AJVfn3Ya69h5",
          "checksum": "06548f37dbbcafbd4d2418e559d78036"
        },
        {
          "type": "renderModule",
          "assetId": "t6bbWH5XZ4fm",
          "checksum": "d0a82fdefd51f55c2b990c049d749261"
        },
        {
          "type": "cssRules",
          "assetId": "t6bbWH5XZ4fm",
          "checksum": "d0a82fdefd51f55c2b990c049d749261"
        },
        {
          "type": "renderModule",
          "assetId": "7v6YGoE2Zo0o",
          "checksum": "748299ace044d43c0278f80ba7f7b57d"
        },
        {
          "type": "cssRules",
          "assetId": "7v6YGoE2Zo0o",
          "checksum": "748299ace044d43c0278f80ba7f7b57d"
        },
        {
          "type": "icon",
          "assetId": "m6be-c-hP_JG",
          "checksum": "957ef067d20b6e00aef6155e161fed21"
        },
        {
          "type": "icon",
          "assetId": "zIXVq3DAAel6",
          "checksum": "eb6037e622e19688c202d22149770f81"
        },
        {
          "type": "icon",
          "assetId": "H5Yxuv6_n5vq",
          "checksum": "36260c039b6b0f337d5330993c72d0d7"
        },
        {
          "type": "icon",
          "assetId": "k4ujBvekGioO",
          "checksum": "2280a1a07f8e4de07d52acee2d7c4521"
        },
        {
          "type": "image",
          "assetId": "9s3m2OrgrCbA",
          "checksum": "3cd0fc083746497880e4ad2be0f5e12c"
        },
        {
          "type": "image",
          "assetId": "8dT7ra4lfaZm",
          "checksum": "89279d76173d30142892714eb0d63ae7"
        },
        {
          "type": "image",
          "assetId": "dYOS4hEH_rh4",
          "checksum": "20b3f7639cdc0e77cb48d06eb9b69563"
        },
        {
          "assetId": "i9knz7EXdrcBWswQTuKKjX",
          "type": "projectCss",
          "checksum": "746579be1ebe41b91d21e0ace391cbfa"
        },
        {
          "type": "icon",
          "assetId": "QESqRHbH-Tr7",
          "checksum": "5a123bfbdcabf25a2af08b3e7bf457f1"
        },
        {
          "type": "image",
          "assetId": "OyvPsNb22kKu",
          "checksum": "5fa9f1298c6ef47b4ceb671a69d3275e"
        }
      ],
      "codegenVersion": "0.0.1"
    }
  ],
  "cliVersion": "0.1.338"
}
